<?xml version="1.0" encoding="utf-8"?>
<Project ToolsVersion="4.0" xmlns="http://schemas.microsoft.com/developer/msbuild/2003">
  <ItemGroup>
    <Text Include="$(MSBuildThisFileDirectory)src\NHCSR04.h">
      <Filter>Header Files</Filter>
    </Text>
    <Text Include="$(MSBuildThisFileDirectory)..\..\..\Car-Proximity-Warning\NHC-SR04\keywords.txt">
      <Filter>Library metadata</Filter>
    </Text>
    <Text Include="$(MSBuildThisFileDirectory)library.properties">
      <Filter>Library metadata</Filter>
    </Text>
  </ItemGroup>
  <ItemGroup>
    <Filter Include="Header Files">
      <UniqueIdentifier>{4dce96de-55a7-4110-bc9e-08710b97475b}</UniqueIdentifier>
    </Filter>
    <Filter Include="Source Files">
      <UniqueIdentifier>{689eba5b-2d3f-443e-8f59-29e27263a7a2}</UniqueIdentifier>
    </Filter>
    <Filter Include="Library metadata">
      <UniqueIdentifier>{027ac5c4-06db-44b6-9f4c-eb4e95c87019}</UniqueIdentifier>
    </Filter>
    <Filter Include="Examples">
      <UniqueIdentifier>{52881555-df3c-4d3a-abdf-3853f8d0cee5}</UniqueIdentifier>
    </Filter>
  </ItemGroup>
  <ItemGroup>
    <ClCompile Include="$(MSBuildThisFileDirectory)src\NHCSR04.cpp">
      <Filter>Source Files</Filter>
    </ClCompile>
  </ItemGroup>
  <ItemGroup>
    <None Include="$(MSBuildThisFileDirectory)README.md">
      <Filter>Library metadata</Filter>
    </None>
    <None Include="$(MSBuildThisFileDirectory)examples\BasicDistance\BasicDistance.ino">
      <Filter>Examples</Filter>
    </None>
    <None Include="$(MSBuildThisFileDirectory)examples\MaxDistance\MaxDistance.ino">
      <Filter>Examples</Filter>
    </None>
    <None Include="$(MSBuildThisFileDirectory)examples\Pinging\Pinging.ino">
      <Filter>Examples</Filter>
    </None>
  </ItemGroup>
</Project>